
Microsoft Visual Studio Solution File, Format Version 12.00
# Visual Studio Version 17
VisualStudioVersion = 17.5.002.0
MinimumVisualStudioVersion = 10.0.40219.1
Project("{9A19103F-16F7-4668-BE54-9A1E7A4F7556}") = "InternalizationApp", "InternalizationApp\InternalizationApp.csproj", "{469A71DD-506C-4BB1-867A-F18AF1E08FAC}"
EndProject
Global
	GlobalSection(SolutionConfigurationPlatforms) = preSolution
		Debug|Any CPU = Debug|Any CPU
		Release|Any CPU = Release|Any CPU
	EndGlobalSection
	GlobalSection(ProjectConfigurationPlatforms) = postSolution
		{469A71DD-506C-4BB1-867A-F18AF1E08FAC}.Debug|Any CPU.ActiveCfg = Debug|Any CPU
		{469A71DD-506C-4BB1-867A-F18AF1E08FAC}.Debug|Any CPU.Build.0 = Debug|Any CPU
		{469A71DD-506C-4BB1-867A-F18AF1E08FAC}.Release|Any CPU.ActiveCfg = Release|Any CPU
		{469A71DD-506C-4BB1-867A-F18AF1E08FAC}.Release|Any CPU.Build.0 = Release|Any CPU
	EndGlobalSection
	GlobalSection(SolutionProperties) = preSolution
		HideSolutionNode = FALSE
	EndGlobalSection
	GlobalSection(ExtensibilityGlobals) = postSolution
		SolutionGuid = {C0CBD7E0-0AAA-4F64-96B9-2F51E3BD09B3}
	EndGlobalSection
EndGlobal
